PODS:
  - MultiPlatformLibrary (0.1.0)
  - Sketch (3.0)
  - TensorFlowLiteC (2.2.0)
  - TensorFlowLiteObjC (2.2.0):
    - TensorFlowLiteC (= 2.2.0)

DEPENDENCIES:
  - MultiPlatformLibrary (from `../mpp-library`)
  - Sketch
  - TensorFlowLiteObjC (~> 2.2.0)

SPEC REPOS:
  trunk:
    - Sketch
    - TensorFlowLiteC
    - TensorFlowLiteObjC

EXTERNAL SOURCES:
  MultiPlatformLibrary:
    :path: "../mpp-library"

SPEC CHECKSUMS:
  MultiPlatformLibrary: 176fb8ade516666cd47e93de1b71ba0441a541bb
  Sketch: 49a4b71f7bc77316ed5f75ee79dedaa2b844d5e7
  TensorFlowLiteC: b3ab9e867b0b71052ca102a32a786555b330b02e
  TensorFlowLiteObjC: 9adb471254e86ef81aa7d9d0d16743b8d853d95b

PODFILE CHECKSUM: 0bd758d123d6d6a658976b260fce011651596789

COCOAPODS: 1.9.1
